[[package]]
name = "alembic"
version = "1.4.3"
description = "A database migration tool for SQLAlchemy."
category = "main"
optional = false
python-versions = ">=2.7, !=3.0.*, !=3.1.*, !=3.2.*, !=3.3.*"

[package.dependencies]
Mako = "*"
python-dateutil = "*"
python-editor = ">=0.3"
SQLAlchemy = ">=1.1.0"

[[package]]
name = "beautifulsoup4"
version = "4.9.3"
description = "Screen-scraping library"
category = "main"
optional = false
python-versions = "*"

[package.extras]
html5lib = ["html5lib"]
lxml = ["lxml"]

[package.dependencies]
[package.dependencies.soupsieve]
version = ">1.2"
python = ">=3.0"

[[package]]
name = "certifi"
version = "2020.12.5"
description = "Python package for providing Mozilla's CA Bundle."
category = "main"
optional = false
python-versions = "*"

[[package]]
name = "chardet"
version = "4.0.0"
description = "Universal encoding detector for Python 2 and 3"
category = "main"
optional = false
python-versions = ">=2.7, !=3.0.*, !=3.1.*, !=3.2.*, !=3.3.*, !=3.4.*"

[[package]]
name = "idna"
version = "2.10"
description = "Internationalized Domain Names in Applications (IDNA)"
category = "main"
optional = false
python-versions = ">=2.7, !=3.0.*, !=3.1.*, !=3.2.*, !=3.3.*"

[[package]]
name = "mako"
version = "1.1.3"
description = "A super-fast templating language that borrows the  best ideas from the existing templating languages."
category = "main"
optional = false
python-versions = ">=2.7, !=3.0.*, !=3.1.*, !=3.2.*, !=3.3.*"

[package.extras]
babel = ["babel"]
lingua = ["lingua"]

[package.dependencies]
MarkupSafe = ">=0.9.2"

[[package]]
name = "markupsafe"
version = "1.1.1"
description = "Safely add untrusted strings to HTML/XML markup."
category = "main"
optional = false
python-versions = ">=2.7,!=3.0.*,!=3.1.*,!=3.2.*,!=3.3.*"

[[package]]
name = "pyaes"
version = "1.6.1"
description = "Pure-Python Implementation of the AES block-cipher and common modes of operation"
category = "main"
optional = false
python-versions = "*"

[[package]]
name = "pyasn1"
version = "0.4.8"
description = "ASN.1 types and codecs"
category = "main"
optional = false
python-versions = "*"

[[package]]
name = "python-dateutil"
version = "2.8.1"
description = "Extensions to the standard Python datetime module"
category = "main"
optional = false
python-versions = "!=3.0.*,!=3.1.*,!=3.2.*,>=2.7"

[package.dependencies]
six = ">=1.5"

[[package]]
name = "python-editor"
version = "1.0.4"
description = "Programmatically open an editor, capture the result."
category = "main"
optional = false
python-versions = "*"

[[package]]
name = "raven"
version = "6.10.0"
description = "Raven is a client for Sentry (https://getsentry.com)"
category = "main"
optional = false
python-versions = "*"

[package.extras]
flask = ["Flask (>=0.8)", "blinker (>=1.1)"]
tests = ["bottle", "celery (>=2.5)", "coverage (<4)", "exam (>=0.5.2)", "flake8 (3.5.0)", "logbook", "mock", "nose", "pytz", "pytest (>=3.2.0,<3.3.0)", "pytest-timeout (1.2.1)", "pytest-xdist (1.18.2)", "pytest-pythonpath (0.7.2)", "pytest-cov (2.5.1)", "pytest-flake8 (1.0.0)", "requests", "tornado (>=4.1,<5.0)", "tox", "webob", "webtest", "wheel", "anyjson", "zconfig", "Flask (>=0.8)", "blinker (>=1.1)", "Flask-Login (>=0.2.0)", "blinker (>=1.1)", "sanic (>=0.7.0)", "aiohttp"]

[[package]]
name = "requests"
version = "2.25.1"
description = "Python HTTP for Humans."
category = "main"
optional = false
python-versions = ">=2.7, !=3.0.*, !=3.1.*, !=3.2.*, !=3.3.*, !=3.4.*"

[package.extras]
security = ["pyOpenSSL (>=0.14)", "cryptography (>=1.3.4)"]
socks = ["PySocks (>=1.5.6,<1.5.7 || >1.5.7)", "win-inet-pton"]

[package.dependencies]
certifi = ">=2017.4.17"
chardet = ">=3.0.2,<5"
idna = ">=2.5,<3"
urllib3 = ">=1.21.1,<1.27"

[[package]]
name = "rsa"
version = "4.4"
description = "Pure-Python RSA implementation"
category = "main"
optional = false
python-versions = "*"

[package.dependencies]
pyasn1 = ">=0.1.3"

[[package]]
name = "six"
version = "1.15.0"
description = "Python 2 and 3 compatibility utilities"
category = "main"
optional = false
python-versions = ">=2.7, !=3.0.*, !=3.1.*, !=3.2.*"

[[package]]
name = "soupsieve"
version = "2.1"
description = "A modern CSS selector implementation for Beautiful Soup."
category = "main"
optional = false
python-versions = ">=3.5"
marker = "python_version >= \"3.0\""

[[package]]
name = "sqlalchemy"
version = "1.3.21"
description = "Database Abstraction Library"
category = "main"
optional = false
python-versions = ">=2.7, !=3.0.*, !=3.1.*, !=3.2.*, !=3.3.*"

[package.extras]
mssql = ["pyodbc"]
mssql_pymssql = ["pymssql"]
mssql_pyodbc = ["pyodbc"]
mysql = ["mysqlclient"]
oracle = ["cx-oracle"]
postgresql = ["psycopg2"]
postgresql_pg8000 = ["pg8000"]
postgresql_psycopg2binary = ["psycopg2-binary"]
postgresql_psycopg2cffi = ["psycopg2cffi"]
pymysql = ["pymysql"]

[[package]]
name = "telethon"
version = "1.18.2"
description = "Full-featured Telegram client library for Python 3"
category = "main"
optional = false
python-versions = ">=3.5"

[package.extras]
cryptg = ["cryptg"]

[package.dependencies]
pyaes = "*"
rsa = "*"

[[package]]
name = "toml"
version = "0.10.2"
description = "Python Library for Tom's Obvious, Minimal Language"
category = "main"
optional = false
python-versions = ">=2.6, !=3.0.*, !=3.1.*, !=3.2.*"

[[package]]
name = "urllib3"
version = "1.22"
description = "HTTP library with thread-safe connection pooling, file post, and more."
category = "main"
optional = false
python-versions = "*"

[package.extras]
secure = ["pyOpenSSL (>=0.14)", "cryptography (>=1.3.4)", "idna (>=2.0.0)", "certifi", "ipaddress"]
socks = ["PySocks (>=1.5.6,<1.5.7 || >1.5.7,<2.0)"]

[[package]]
name = "youtube-dl"
version = "2020.12.14"
description = "YouTube video downloader"
category = "main"
optional = false
python-versions = "*"

[metadata]
lock-version = "1.0"
python-versions = ">=3.6"
content-hash = "cb6a4260b98c43c3c05e196102aa7dffb79d09ea9d514ac4390b3dfbedc62ab8"

[metadata.files]
alembic = [
    {file = "alembic-1.4.3-py2.py3-none-any.whl", hash = "sha256:4e02ed2aa796bd179965041afa092c55b51fb077de19d61835673cc80672c01c"},
    {file = "alembic-1.4.3.tar.gz", hash = "sha256:5334f32314fb2a56d86b4c4dd1ae34b08c03cae4cb888bc699942104d66bc245"},
]
beautifulsoup4 = [
    {file = "beautifulsoup4-4.9.3-py2-none-any.whl", hash = "sha256:4c98143716ef1cb40bf7f39a8e3eec8f8b009509e74904ba3a7b315431577e35"},
    {file = "beautifulsoup4-4.9.3-py3-none-any.whl", hash = "sha256:fff47e031e34ec82bf17e00da8f592fe7de69aeea38be00523c04623c04fb666"},
    {file = "beautifulsoup4-4.9.3.tar.gz", hash = "sha256:84729e322ad1d5b4d25f805bfa05b902dd96450f43842c4e99067d5e1369eb25"},
]
certifi = [
    {file = "certifi-2020.12.5-py2.py3-none-any.whl", hash = "sha256:719a74fb9e33b9bd44cc7f3a8d94bc35e4049deebe19ba7d8e108280cfd59830"},
    {file = "certifi-2020.12.5.tar.gz", hash = "sha256:1a4995114262bffbc2413b159f2a1a480c969de6e6eb13ee966d470af86af59c"},
]
chardet = [
    {file = "chardet-4.0.0-py2.py3-none-any.whl", hash = "sha256:f864054d66fd9118f2e67044ac8981a54775ec5b67aed0441892edb553d21da5"},
    {file = "chardet-4.0.0.tar.gz", hash = "sha256:0d6f53a15db4120f2b08c94f11e7d93d2c911ee118b6b30a04ec3ee8310179fa"},
]
idna = [
    {file = "idna-2.10-py2.py3-none-any.whl", hash = "sha256:b97d804b1e9b523befed77c48dacec60e6dcb0b5391d57af6a65a312a90648c0"},
    {file = "idna-2.10.tar.gz", hash = "sha256:b307872f855b18632ce0c21c5e45be78c0ea7ae4c15c828c20788b26921eb3f6"},
]
mako = [
    {file = "Mako-1.1.3-py2.py3-none-any.whl", hash = "sha256:93729a258e4ff0747c876bd9e20df1b9758028946e976324ccd2d68245c7b6a9"},
    {file = "Mako-1.1.3.tar.gz", hash = "sha256:8195c8c1400ceb53496064314c6736719c6f25e7479cd24c77be3d9361cddc27"},
]
markupsafe = [
    {file = "MarkupSafe-1.1.1-cp27-cp27m-macosx_10_6_intel.whl", hash = "sha256:09027a7803a62ca78792ad89403b1b7a73a01c8cb65909cd876f7fcebd79b161"},
    {file = "MarkupSafe-1.1.1-cp27-cp27m-manylinux1_i686.whl", hash = "sha256:e249096428b3ae81b08327a63a485ad0878de3fb939049038579ac0ef61e17e7"},
    {file = "MarkupSafe-1.1.1-cp27-cp27m-manylinux1_x86_64.whl", hash = "sha256:500d4957e52ddc3351cabf489e79c91c17f6e0899158447047588650b5e69183"},
    {file = "MarkupSafe-1.1.1-cp27-cp27m-win32.whl", hash = "sha256:b2051432115498d3562c084a49bba65d97cf251f5a331c64a12ee7e04dacc51b"},
    {file = "MarkupSafe-1.1.1-cp27-cp27m-win_amd64.whl", hash = "sha256:98c7086708b163d425c67c7a91bad6e466bb99d797aa64f965e9d25c12111a5e"},
    {file = "MarkupSafe-1.1.1-cp27-cp27mu-manylinux1_i686.whl", hash = "sha256:cd5df75523866410809ca100dc9681e301e3c27567cf498077e8551b6d20e42f"},
    {file = "MarkupSafe-1.1.1-cp27-cp27mu-manylinux1_x86_64.whl", hash = "sha256:43a55c2930bbc139570ac2452adf3d70cdbb3cfe5912c71cdce1c2c6bbd9c5d1"},
    {file = "MarkupSafe-1.1.1-cp34-cp34m-macosx_10_6_intel.whl", hash = "sha256:1027c282dad077d0bae18be6794e6b6b8c91d58ed8a8d89a89d59693b9131db5"},
    {file = "MarkupSafe-1.1.1-cp34-cp34m-manylinux1_i686.whl", hash = "sha256:62fe6c95e3ec8a7fad637b7f3d372c15ec1caa01ab47926cfdf7a75b40e0eac1"},
    {file = "MarkupSafe-1.1.1-cp34-cp34m-manylinux1_x86_64.whl", hash = "sha256:88e5fcfb52ee7b911e8bb6d6aa2fd21fbecc674eadd44118a9cc3863f938e735"},
    {file = "MarkupSafe-1.1.1-cp34-cp34m-win32.whl", hash = "sha256:ade5e387d2ad0d7ebf59146cc00c8044acbd863725f887353a10df825fc8ae21"},
    {file = "MarkupSafe-1.1.1-cp34-cp34m-win_amd64.whl", hash = "sha256:09c4b7f37d6c648cb13f9230d847adf22f8171b1ccc4d5682398e77f40309235"},
    {file = "MarkupSafe-1.1.1-cp35-cp35m-macosx_10_6_intel.whl", hash = "sha256:79855e1c5b8da654cf486b830bd42c06e8780cea587384cf6545b7d9ac013a0b"},
    {file = "MarkupSafe-1.1.1-cp35-cp35m-manylinux1_i686.whl", hash = "sha256:c8716a48d94b06bb3b2524c2b77e055fb313aeb4ea620c8dd03a105574ba704f"},
    {file = "MarkupSafe-1.1.1-cp35-cp35m-manylinux1_x86_64.whl", hash = "sha256:7c1699dfe0cf8ff607dbdcc1e9b9af1755371f92a68f706051cc8c37d447c905"},
    {file = "MarkupSafe-1.1.1-cp35-cp35m-win32.whl", hash = "sha256:6dd73240d2af64df90aa7c4e7481e23825ea70af4b4922f8ede5b9e35f78a3b1"},
    {file = "MarkupSafe-1.1.1-cp35-cp35m-win_amd64.whl", hash = "sha256:9add70b36c5666a2ed02b43b335fe19002ee5235efd4b8a89bfcf9005bebac0d"},
    {file = "MarkupSafe-1.1.1-cp36-cp36m-macosx_10_6_intel.whl", hash = "sha256:24982cc2533820871eba85ba648cd53d8623687ff11cbb805be4ff7b4c971aff"},
    {file = "MarkupSafe-1.1.1-cp36-cp36m-manylinux1_i686.whl", hash = "sha256:00bc623926325b26bb9605ae9eae8a215691f33cae5df11ca5424f06f2d1f473"},
    {file = "MarkupSafe-1.1.1-cp36-cp36m-manylinux1_x86_64.whl", hash = "sha256:717ba8fe3ae9cc0006d7c451f0bb265ee07739daf76355d06366154ee68d221e"},
    {file = "MarkupSafe-1.1.1-cp36-cp36m-win32.whl", hash = "sha256:535f6fc4d397c1563d08b88e485c3496cf5784e927af890fb3c3aac7f933ec66"},
    {file = "MarkupSafe-1.1.1-cp36-cp36m-win_amd64.whl", hash = "sha256:b1282f8c00509d99fef04d8ba936b156d419be841854fe901d8ae224c59f0be5"},
    {file = "MarkupSafe-1.1.1-cp37-cp37m-macosx_10_6_intel.whl", hash = "sha256:8defac2f2ccd6805ebf65f5eeb132adcf2ab57aa11fdf4c0dd5169a004710e7d"},
    {file = "MarkupSafe-1.1.1-cp37-cp37m-manylinux1_i686.whl", hash = "sha256:46c99d2de99945ec5cb54f23c8cd5689f6d7177305ebff350a58ce5f8de1669e"},
    {file = "MarkupSafe-1.1.1-cp37-cp37m-manylinux1_x86_64.whl", hash = "sha256:ba59edeaa2fc6114428f1637ffff42da1e311e29382d81b339c1817d37ec93c6"},
    {file = "MarkupSafe-1.1.1-cp37-cp37m-win32.whl", hash = "sha256:b00c1de48212e4cc9603895652c5c410df699856a2853135b3967591e4beebc2"},
    {file = "MarkupSafe-1.1.1-cp37-cp37m-win_amd64.whl", hash = "sha256:9bf40443012702a1d2070043cb6291650a0841ece432556f784f004937f0f32c"},
    {file = "MarkupSafe-1.1.1-cp38-cp38-macosx_10_9_x86_64.whl", hash = "sha256:6788b695d50a51edb699cb55e35487e430fa21f1ed838122d722e0ff0ac5ba15"},
    {file = "MarkupSafe-1.1.1-cp38-cp38-manylinux1_i686.whl", hash = "sha256:cdb132fc825c38e1aeec2c8aa9338310d29d337bebbd7baa06889d09a60a1fa2"},
    {file = "MarkupSafe-1.1.1-cp38-cp38-manylinux1_x86_64.whl", hash = "sha256:13d3144e1e340870b25e7b10b98d779608c02016d5184cfb9927a9f10c689f42"},
    {file = "MarkupSafe-1.1.1-cp38-cp38-win32.whl", hash = "sha256:596510de112c685489095da617b5bcbbac7dd6384aeebeda4df6025d0256a81b"},
    {file = "MarkupSafe-1.1.1-cp38-cp38-win_amd64.whl", hash = "sha256:e8313f01ba26fbbe36c7be1966a7b7424942f670f38e666995b88d012765b9be"},
    {file = "MarkupSafe-1.1.1.tar.gz", hash = "sha256:29872e92839765e546828bb7754a68c418d927cd064fd4708fab9fe9c8bb116b"},
]
pyaes = [
    {file = "pyaes-1.6.1.tar.gz", hash = "sha256:02c1b1405c38d3c370b085fb952dd8bea3fadcee6411ad99f312cc129c536d8f"},
]
pyasn1 = [
    {file = "pyasn1-0.4.8-py2.4.egg", hash = "sha256:fec3e9d8e36808a28efb59b489e4528c10ad0f480e57dcc32b4de5c9d8c9fdf3"},
    {file = "pyasn1-0.4.8-py2.5.egg", hash = "sha256:0458773cfe65b153891ac249bcf1b5f8f320b7c2ce462151f8fa74de8934becf"},
    {file = "pyasn1-0.4.8-py2.6.egg", hash = "sha256:5c9414dcfede6e441f7e8f81b43b34e834731003427e5b09e4e00e3172a10f00"},
    {file = "pyasn1-0.4.8-py2.7.egg", hash = "sha256:6e7545f1a61025a4e58bb336952c5061697da694db1cae97b116e9c46abcf7c8"},
    {file = "pyasn1-0.4.8-py2.py3-none-any.whl", hash = "sha256:39c7e2ec30515947ff4e87fb6f456dfc6e84857d34be479c9d4a4ba4bf46aa5d"},
    {file = "pyasn1-0.4.8-py3.1.egg", hash = "sha256:78fa6da68ed2727915c4767bb386ab32cdba863caa7dbe473eaae45f9959da86"},
    {file = "pyasn1-0.4.8-py3.2.egg", hash = "sha256:08c3c53b75eaa48d71cf8c710312316392ed40899cb34710d092e96745a358b7"},
    {file = "pyasn1-0.4.8-py3.3.egg", hash = "sha256:03840c999ba71680a131cfaee6fab142e1ed9bbd9c693e285cc6aca0d555e576"},
    {file = "pyasn1-0.4.8-py3.4.egg", hash = "sha256:7ab8a544af125fb704feadb008c99a88805126fb525280b2270bb25cc1d78a12"},
    {file = "pyasn1-0.4.8-py3.5.egg", hash = "sha256:e89bf84b5437b532b0803ba5c9a5e054d21fec423a89952a74f87fa2c9b7bce2"},
    {file = "pyasn1-0.4.8-py3.6.egg", hash = "sha256:014c0e9976956a08139dc0712ae195324a75e142284d5f87f1a87ee1b068a359"},
    {file = "pyasn1-0.4.8-py3.7.egg", hash = "sha256:99fcc3c8d804d1bc6d9a099921e39d827026409a58f2a720dcdb89374ea0c776"},
    {file = "pyasn1-0.4.8.tar.gz", hash = "sha256:aef77c9fb94a3ac588e87841208bdec464471d9871bd5050a287cc9a475cd0ba"},
]
python-dateutil = [
    {file = "python-dateutil-2.8.1.tar.gz", hash = "sha256:73ebfe9dbf22e832286dafa60473e4cd239f8592f699aa5adaf10050e6e1823c"},
    {file = "python_dateutil-2.8.1-py2.py3-none-any.whl", hash = "sha256:75bb3f31ea686f1197762692a9ee6a7550b59fc6ca3a1f4b5d7e32fb98e2da2a"},
]
python-editor = [
    {file = "python-editor-1.0.4.tar.gz", hash = "sha256:51fda6bcc5ddbbb7063b2af7509e43bd84bfc32a4ff71349ec7847713882327b"},
    {file = "python_editor-1.0.4-py2-none-any.whl", hash = "sha256:5f98b069316ea1c2ed3f67e7f5df6c0d8f10b689964a4a811ff64f0106819ec8"},
    {file = "python_editor-1.0.4-py2.7.egg", hash = "sha256:ea87e17f6ec459e780e4221f295411462e0d0810858e055fc514684350a2f522"},
    {file = "python_editor-1.0.4-py3-none-any.whl", hash = "sha256:1bf6e860a8ad52a14c3ee1252d5dc25b2030618ed80c022598f00176adc8367d"},
    {file = "python_editor-1.0.4-py3.5.egg", hash = "sha256:c3da2053dbab6b29c94e43c486ff67206eafbe7eb52dbec7390b5e2fb05aac77"},
]
raven = [
    {file = "raven-6.10.0-py2.py3-none-any.whl", hash = "sha256:44a13f87670836e153951af9a3c80405d36b43097db869a36e92809673692ce4"},
    {file = "raven-6.10.0.tar.gz", hash = "sha256:3fa6de6efa2493a7c827472e984ce9b020797d0da16f1db67197bcc23c8fae54"},
]
requests = [
    {file = "requests-2.25.1-py2.py3-none-any.whl", hash = "sha256:c210084e36a42ae6b9219e00e48287def368a26d03a048ddad7bfee44f75871e"},
    {file = "requests-2.25.1.tar.gz", hash = "sha256:27973dd4a904a4f13b263a19c866c13b92a39ed1c964655f025f3f8d3d75b804"},
]
rsa = [
    {file = "rsa-4.4-py2.py3-none-any.whl", hash = "sha256:4afbaaecc3e9550c7351fdf0ab3fea1857ff616b85bab59215f00fb42e0e9582"},
    {file = "rsa-4.4.tar.gz", hash = "sha256:5d95293bbd0fbee1dd9cb4b72d27b723942eb50584abc8c4f5f00e4bcfa55307"},
]
six = [
    {file = "six-1.15.0-py2.py3-none-any.whl", hash = "sha256:8b74bedcbbbaca38ff6d7491d76f2b06b3592611af620f8426e82dddb04a5ced"},
    {file = "six-1.15.0.tar.gz", hash = "sha256:30639c035cdb23534cd4aa2dd52c3bf48f06e5f4a941509c8bafd8ce11080259"},
]
soupsieve = [
    {file = "soupsieve-2.1-py3-none-any.whl", hash = "sha256:4bb21a6ee4707bf43b61230e80740e71bfe56e55d1f1f50924b087bb2975c851"},
    {file = "soupsieve-2.1.tar.gz", hash = "sha256:6dc52924dc0bc710a5d16794e6b3480b2c7c08b07729505feab2b2c16661ff6e"},
]
sqlalchemy = [
    {file = "SQLAlchemy-1.3.21-cp27-cp27m-macosx_10_14_x86_64.whl", hash = "sha256:61bb5c71837845ee31c0cbe87b3c7f92652dbeafa10295f45610ea6bf349d887"},
    {file = "SQLAlchemy-1.3.21-cp27-cp27m-manylinux1_x86_64.whl", hash = "sha256:f84c06915c752e25068151b834b3470307317a73ddae8b9def034face0e7ef37"},
    {file = "SQLAlchemy-1.3.21-cp27-cp27m-manylinux2010_x86_64.whl", hash = "sha256:4329ca33a1c266ec9910ca697821f2a712d34089092fad9f9666ea193c5e02fa"},
    {file = "SQLAlchemy-1.3.21-cp27-cp27m-win32.whl", hash = "sha256:c3651d8023a9bba79c9d2c80c745237fd7ee77f001bd6c9aab9350024f0e8d01"},
    {file = "SQLAlchemy-1.3.21-cp27-cp27m-win_amd64.whl", hash = "sha256:20fd664489567d23eb049a0441ddc057cba46f704bb1980c2ac0c6a47a9c32c7"},
    {file = "SQLAlchemy-1.3.21-cp27-cp27mu-manylinux1_x86_64.whl", hash = "sha256:6b3e85d513a3d59437047c262ff99d801f5727f6a25497aa6880da44f33d0170"},
    {file = "SQLAlchemy-1.3.21-cp27-cp27mu-manylinux2010_x86_64.whl", hash = "sha256:d45170c234e0294a2a46cdc46b487ccb708aaf927f54da1862c75d723f494e5e"},
    {file = "SQLAlchemy-1.3.21-cp35-cp35m-macosx_10_14_x86_64.whl", hash = "sha256:d6090f68ba8db34864f9befd3aab60e60642443c57a65b781d43f4088514e4c6"},
    {file = "SQLAlchemy-1.3.21-cp35-cp35m-manylinux1_x86_64.whl", hash = "sha256:f462b59addafcf69570164bdfa1e7f44653653ae571b7964fad50132b8c1b608"},
    {file = "SQLAlchemy-1.3.21-cp35-cp35m-manylinux2010_x86_64.whl", hash = "sha256:0f851547a28a4c2bd5b7fc6d05a306b9460d6f7a256989af11d8ddcdc386cc46"},
    {file = "SQLAlchemy-1.3.21-cp35-cp35m-manylinux2014_aarch64.whl", hash = "sha256:b25856479c240e0ecf28562d3c4cf1b4786ad2c0a7825b9d67c1db6293156bae"},
    {file = "SQLAlchemy-1.3.21-cp35-cp35m-win32.whl", hash = "sha256:7a1387fe4cd491122b49af565fb833b90dd1ecf360dd76173b75253981bea5bb"},
    {file = "SQLAlchemy-1.3.21-cp35-cp35m-win_amd64.whl", hash = "sha256:3c024c191e019bd673fe48cdf3bca1215f971bfd189838841903fa12ef206fb4"},
    {file = "SQLAlchemy-1.3.21-cp36-cp36m-macosx_10_14_x86_64.whl", hash = "sha256:7478f45f9b3cf2a2cb8808fd8ffe436e92f7332d4da1f4e8c559d5602189ac4b"},
    {file = "SQLAlchemy-1.3.21-cp36-cp36m-manylinux1_x86_64.whl", hash = "sha256:00d377c3fc069ba615091dee73b90446388091123a8d976c24376eb1044cba6f"},
    {file = "SQLAlchemy-1.3.21-cp36-cp36m-manylinux2010_x86_64.whl", hash = "sha256:16de3aad992eddbce3204832947bafd92b5de50364aea353cd21127132cee2ca"},
    {file = "SQLAlchemy-1.3.21-cp36-cp36m-manylinux2014_aarch64.whl", hash = "sha256:dc87984befa099d42f1cd5ab9e298864af1acc568932716c33ba78dde8241a01"},
    {file = "SQLAlchemy-1.3.21-cp36-cp36m-win32.whl", hash = "sha256:8952188c690e521ee2a33a7ff2b878a5dc475e389d85085e585104d819f2d8b1"},
    {file = "SQLAlchemy-1.3.21-cp36-cp36m-win_amd64.whl", hash = "sha256:0f7b310fd84cf81d49c9aa1fb5eaeba2d16c490e8d3969586cd1eb8e4aedefbf"},
    {file = "SQLAlchemy-1.3.21-cp37-cp37m-macosx_10_14_x86_64.whl", hash = "sha256:de707a9aa9395d44d427793ea77403698f9193b9fc7d81139c03f7239d88c4ae"},
    {file = "SQLAlchemy-1.3.21-cp37-cp37m-manylinux1_x86_64.whl", hash = "sha256:8eef062f9dacc32b4d498a2822ce5a61badb041b202c448e829c253051d24ef0"},
    {file = "SQLAlchemy-1.3.21-cp37-cp37m-manylinux2010_x86_64.whl", hash = "sha256:c08baad28cb37dd35fa4c227fc4c312b1f65f7bb19a557995e160cce80b58b2c"},
    {file = "SQLAlchemy-1.3.21-cp37-cp37m-manylinux2014_aarch64.whl", hash = "sha256:4346ffc0a8756bfd8db4679c9bb52564f74fe1ffd60e6899db06823f111dbd9c"},
    {file = "SQLAlchemy-1.3.21-cp37-cp37m-win32.whl", hash = "sha256:4a128f45f404d78bbb0a629cc58dd090bdfded37e568c4016cf2252585eb018a"},
    {file = "SQLAlchemy-1.3.21-cp37-cp37m-win_amd64.whl", hash = "sha256:3f4c7463703030470f2af3e988681ab2fa08270282fc55ede448aed0854ca8ba"},
    {file = "SQLAlchemy-1.3.21-cp38-cp38-macosx_10_14_x86_64.whl", hash = "sha256:87b8314132081da1d3aa46dcd7b7a6ce7dc76cf7941471e659f740138a725a07"},
    {file = "SQLAlchemy-1.3.21-cp38-cp38-manylinux1_x86_64.whl", hash = "sha256:4d35478f0dd39eb3439f5970cc2c8396bb5c4881c4f8e3900ba041b4103ed86b"},
    {file = "SQLAlchemy-1.3.21-cp38-cp38-manylinux2010_x86_64.whl", hash = "sha256:bac445ed686fc0be02f6b4d64e5702ea5b4eef9849a7ad16522b2eea95d1dd3a"},
    {file = "SQLAlchemy-1.3.21-cp38-cp38-manylinux2014_aarch64.whl", hash = "sha256:d366bc4d0655a7926733e1b29258cc3c876b8520b61923e4838954eb0e3ec290"},
    {file = "SQLAlchemy-1.3.21-cp38-cp38-win32.whl", hash = "sha256:be4ac1036512db122964e4a41dc9bc08815ed772e37ac2a481fa825f58fcf5ee"},
    {file = "SQLAlchemy-1.3.21-cp38-cp38-win_amd64.whl", hash = "sha256:574e4da65e2f9cf083b24e34c10db2aeae8a7642628ef2c0e26ff202c1fd58f0"},
    {file = "SQLAlchemy-1.3.21-cp39-cp39-macosx_10_14_x86_64.whl", hash = "sha256:24c1dbc7089dc88fba12f1fdd0ea42f57d111a54a9071c745264c00e73152fe8"},
    {file = "SQLAlchemy-1.3.21-cp39-cp39-manylinux1_x86_64.whl", hash = "sha256:94dbaf31729e2108050351b830b9f304bfa4838f8c60981b0b46cf257e528f17"},
    {file = "SQLAlchemy-1.3.21-cp39-cp39-manylinux2010_x86_64.whl", hash = "sha256:561a6a3e799c59c6221e4e50deb18bc97434b480fb4a68da3623b609fb38f428"},
    {file = "SQLAlchemy-1.3.21-cp39-cp39-manylinux2014_aarch64.whl", hash = "sha256:dff61e81cbabdb4dd6dee421ae8842b3191468a602e909e23940890f553f7ac3"},
    {file = "SQLAlchemy-1.3.21-cp39-cp39-win32.whl", hash = "sha256:40c56eba051c504f85ea6cbc2cb4ec2bb83f06e8479041075a16b35f0bae3400"},
    {file = "SQLAlchemy-1.3.21-cp39-cp39-win_amd64.whl", hash = "sha256:cf4977686e92f59cb965959dd2076e1a4c06f37ebb263a9674721aaec02684d4"},
    {file = "SQLAlchemy-1.3.21.tar.gz", hash = "sha256:0bc49cba55b01b6827d1c303486da1afaaaf65a7a4d0e2be2cbc31c0f56752dc"},
]
telethon = [
    {file = "Telethon-1.18.2-py3-none-any.whl", hash = "sha256:5e4eedbd81baeae2187e8bc81f3d3880d965914a46ce3855850076496c53f634"},
    {file = "Telethon-1.18.2.tar.gz", hash = "sha256:4695ff737692f745c2e44f1f22996b415ce7715d7e764e27b0528fb61d30cefb"},
]
toml = [
    {file = "toml-0.10.2-py2.py3-none-any.whl", hash = "sha256:806143ae5bfb6a3c6e736a764057db0e6a0e05e338b5630894a5f779cabb4f9b"},
    {file = "toml-0.10.2.tar.gz", hash = "sha256:b3bda1d108d5dd99f4a20d24d9c348e91c4db7ab1b749200bded2f839ccbe68f"},
]
urllib3 = [
    {file = "urllib3-1.22-py2.py3-none-any.whl", hash = "sha256:06330f386d6e4b195fbfc736b297f58c5a892e4440e54d294d7004e3a9bbea1b"},
    {file = "urllib3-1.22.tar.gz", hash = "sha256:cc44da8e1145637334317feebd728bd869a35285b93cbb4cca2577da7e62db4f"},
]
youtube-dl = [
    {file = "youtube_dl-2020.12.14-py2.py3-none-any.whl", hash = "sha256:65968065e66966955dc79fad9251565fcc982566118756da624bd21467f3a04c"},
    {file = "youtube_dl-2020.12.14.tar.gz", hash = "sha256:eaa859f15b6897bec21474b7787dc958118c8088e1f24d4ef1d58eab13188958"},
]
