version = 1
revision = 3
requires-python = ">=3.13"

[[package]]
name = "annotated-doc"
version = "0.0.4"
source = { registry = "https://pypi.org/simple" }
sdist = { url = "https://files.pythonhosted.org/packages/57/ba/046ceea27344560984e26a590f90bc7f4a75b06701f653222458922b558c/annotated_doc-0.0.4.tar.gz", hash = "sha256:fbcda96e87e9c92ad167c2e53839e57503ecfda18804ea28102353485033faa4", size = 7288, upload-time = "2025-11-10T22:07:42.062Z" }
wheels = [
    { url = "https://files.pythonhosted.org/packages/1e/d3/26bf1008eb3d2daa8ef4cacc7f3bfdc11818d111f7e2d0201bc6e3b49d45/annotated_doc-0.0.4-py3-none-any.whl", hash = "sha256:571ac1dc6991c450b25a9c2d84a3705e2ae7a53467b5d111c24fa8baabbed320", size = 5303, upload-time = "2025-11-10T22:07:40.673Z" },
]

[[package]]
name = "click"
version = "8.3.1"
source = { registry = "https://pypi.org/simple" }
dependencies = [
    { name = "colorama", marker = "sys_platform == 'win32'" },
]
sdist = { url = "https://files.pythonhosted.org/packages/3d/fa/656b739db8587d7b5dfa22e22ed02566950fbfbcdc20311993483657a5c0/click-8.3.1.tar.gz", hash = "sha256:12ff4785d337a1bb490bb7e9c2b1ee5da3112e94a8622f26a6c77f5d2fc6842a", size = 295065, upload-time = "2025-11-15T20:45:42.706Z" }
wheels = [
    { url = "https://files.pythonhosted.org/packages/98/78/01c019cdb5d6498122777c1a43056ebb3ebfeef2076d9d026bfe15583b2b/click-8.3.1-py3-none-any.whl", hash = "sha256:981153a64e25f12d547d3426c367a4857371575ee7ad18df2a6183ab0545b2a6", size = 108274, upload-time = "2025-11-15T20:45:41.139Z" },
]

[[package]]
name = "colorama"
version = "0.4.6"
source = { registry = "https://pypi.org/simple" }
sdist = { url = "https://files.pythonhosted.org/packages/d8/53/6f443c9a4a8358a93a6792e2acffb9d9d5cb0a5cfd8802644b7b1c9a02e4/colorama-0.4.6.tar.gz", hash = "sha256:08695f5cb7ed6e0531a20572697297273c47b8cae5a63ffc6d6ed5c201be6e44", size = 27697, upload-time = "2022-10-25T02:36:22.414Z" }
wheels = [
    { url = "https://files.pythonhosted.org/packages/d1/d6/3965ed04c63042e047cb6a3e6ed1a63a35087b6a609aa3a15ed8ac56c221/colorama-0.4.6-py2.py3-none-any.whl", hash = "sha256:4f1d9991f5acc0ca119f9d443620b77f9d6b33703e51011c16baf57afb285fc6", size = 25335, upload-time = "2022-10-25T02:36:20.889Z" },
]

[[package]]
name = "markdown-it-py"
version = "4.0.0"
source = { registry = "https://pypi.org/simple" }
dependencies = [
    { name = "mdurl" },
]
sdist = { url = "https://files.pythonhosted.org/packages/5b/f5/4ec618ed16cc4f8fb3b701563655a69816155e79e24a17b651541804721d/markdown_it_py-4.0.0.tar.gz", hash = "sha256:cb0a2b4aa34f932c007117b194e945bd74e0ec24133ceb5bac59009cda1cb9f3", size = 73070, upload-time = "2025-08-11T12:57:52.854Z" }
wheels = [
    { url = "https://files.pythonhosted.org/packages/94/54/e7d793b573f298e1c9013b8c4dade17d481164aa517d1d7148619c2cedbf/markdown_it_py-4.0.0-py3-none-any.whl", hash = "sha256:87327c59b172c5011896038353a81343b6754500a08cd7a4973bb48c6d578147", size = 87321, upload-time = "2025-08-11T12:57:51.923Z" },
]

[[package]]
name = "mdurl"
version = "0.1.2"
source = { registry = "https://pypi.org/simple" }
sdist = { url = "https://files.pythonhosted.org/packages/d6/54/cfe61301667036ec958cb99bd3efefba235e65cdeb9c84d24a8293ba1d90/mdurl-0.1.2.tar.gz", hash = "sha256:bb413d29f5eea38f31dd4754dd7377d4465116fb207585f97bf925588687c1ba", size = 8729, upload-time = "2022-08-14T12:40:10.846Z" }
wheels = [
    { url = "https://files.pythonhosted.org/packages/b3/38/89ba8ad64ae25be8de66a6d463314cf1eb366222074cfda9ee839c56a4b4/mdurl-0.1.2-py3-none-any.whl", hash = "sha256:84008a41e51615a49fc9966191ff91509e3c40b939176e643fd50a5c2196b8f8", size = 9979, upload-time = "2022-08-14T12:40:09.779Z" },
]

[[package]]
name = "media-bot"
version = "0.0.1"
source = { virtual = "." }
dependencies = [
    { name = "telethon" },
    { name = "toml" },
    { name = "typer" },
    { name = "validators" },
    { name = "yt-dlp" },
]

[package.dev-dependencies]
dev = [
    { name = "ruff" },
    { name = "types-toml" },
]

[package.metadata]
requires-dist = [
    { name = "telethon", specifier = ">=1" },
    { name = "toml", specifier = ">=0" },
    { name = "typer", specifier = ">=0.15" },
    { name = "validators", specifier = ">=0.34" },
    { name = "yt-dlp", specifier = ">=2025" },
]

[package.metadata.requires-dev]
dev = [
    { name = "ruff", specifier = ">=0.9" },
    { name = "types-toml", specifier = ">=0.10" },
]

[[package]]
name = "pyaes"
version = "1.6.1"
source = { registry = "https://pypi.org/simple" }
sdist = { url = "https://files.pythonhosted.org/packages/44/66/2c17bae31c906613795711fc78045c285048168919ace2220daa372c7d72/pyaes-1.6.1.tar.gz", hash = "sha256:02c1b1405c38d3c370b085fb952dd8bea3fadcee6411ad99f312cc129c536d8f", size = 28536, upload-time = "2017-09-20T21:17:54.23Z" }

[[package]]
name = "pyasn1"
version = "0.6.3"
source = { registry = "https://pypi.org/simple" }
sdist = { url = "https://files.pythonhosted.org/packages/5c/5f/6583902b6f79b399c9c40674ac384fd9cd77805f9e6205075f828ef11fb2/pyasn1-0.6.3.tar.gz", hash = "sha256:697a8ecd6d98891189184ca1fa05d1bb00e2f84b5977c481452050549c8a72cf", size = 148685, upload-time = "2026-03-17T01:06:53.382Z" }
wheels = [
    { url = "https://files.pythonhosted.org/packages/5d/a0/7d793dce3fa811fe047d6ae2431c672364b462850c6235ae306c0efd025f/pyasn1-0.6.3-py3-none-any.whl", hash = "sha256:a80184d120f0864a52a073acc6fc642847d0be408e7c7252f31390c0f4eadcde", size = 83997, upload-time = "2026-03-17T01:06:52.036Z" },
]

[[package]]
name = "pygments"
version = "2.19.2"
source = { registry = "https://pypi.org/simple" }
sdist = { url = "https://files.pythonhosted.org/packages/b0/77/a5b8c569bf593b0140bde72ea885a803b82086995367bf2037de0159d924/pygments-2.19.2.tar.gz", hash = "sha256:636cb2477cec7f8952536970bc533bc43743542f70392ae026374600add5b887", size = 4968631, upload-time = "2025-06-21T13:39:12.283Z" }
wheels = [
    { url = "https://files.pythonhosted.org/packages/c7/21/705964c7812476f378728bdf590ca4b771ec72385c533964653c68e86bdc/pygments-2.19.2-py3-none-any.whl", hash = "sha256:86540386c03d588bb81d44bc3928634ff26449851e99741617ecb9037ee5ec0b", size = 1225217, upload-time = "2025-06-21T13:39:07.939Z" },
]

[[package]]
name = "rich"
version = "14.3.3"
source = { registry = "https://pypi.org/simple" }
dependencies = [
    { name = "markdown-it-py" },
    { name = "pygments" },
]
sdist = { url = "https://files.pythonhosted.org/packages/b3/c6/f3b320c27991c46f43ee9d856302c70dc2d0fb2dba4842ff739d5f46b393/rich-14.3.3.tar.gz", hash = "sha256:b8daa0b9e4eef54dd8cf7c86c03713f53241884e814f4e2f5fb342fe520f639b", size = 230582, upload-time = "2026-02-19T17:23:12.474Z" }
wheels = [
    { url = "https://files.pythonhosted.org/packages/14/25/b208c5683343959b670dc001595f2f3737e051da617f66c31f7c4fa93abc/rich-14.3.3-py3-none-any.whl", hash = "sha256:793431c1f8619afa7d3b52b2cdec859562b950ea0d4b6b505397612db8d5362d", size = 310458, upload-time = "2026-02-19T17:23:13.732Z" },
]

[[package]]
name = "rsa"
version = "4.9.1"
source = { registry = "https://pypi.org/simple" }
dependencies = [
    { name = "pyasn1" },
]
sdist = { url = "https://files.pythonhosted.org/packages/da/8a/22b7beea3ee0d44b1916c0c1cb0ee3af23b700b6da9f04991899d0c555d4/rsa-4.9.1.tar.gz", hash = "sha256:e7bdbfdb5497da4c07dfd35530e1a902659db6ff241e39d9953cad06ebd0ae75", size = 29034, upload-time = "2025-04-16T09:51:18.218Z" }
wheels = [
    { url = "https://files.pythonhosted.org/packages/64/8d/0133e4eb4beed9e425d9a98ed6e081a55d195481b7632472be1af08d2f6b/rsa-4.9.1-py3-none-any.whl", hash = "sha256:68635866661c6836b8d39430f97a996acbd61bfa49406748ea243539fe239762", size = 34696, upload-time = "2025-04-16T09:51:17.142Z" },
]

[[package]]
name = "ruff"
version = "0.15.6"
source = { registry = "https://pypi.org/simple" }
sdist = { url = "https://files.pythonhosted.org/packages/51/df/f8629c19c5318601d3121e230f74cbee7a3732339c52b21daa2b82ef9c7d/ruff-0.15.6.tar.gz", hash = "sha256:8394c7bb153a4e3811a4ecdacd4a8e6a4fa8097028119160dffecdcdf9b56ae4", size = 4597916, upload-time = "2026-03-12T23:05:47.51Z" }
wheels = [
    { url = "https://files.pythonhosted.org/packages/9e/2f/4e03a7e5ce99b517e98d3b4951f411de2b0fa8348d39cf446671adcce9a2/ruff-0.15.6-py3-none-linux_armv6l.whl", hash = "sha256:7c98c3b16407b2cf3d0f2b80c80187384bc92c6774d85fefa913ecd941256fff", size = 10508953, upload-time = "2026-03-12T23:05:17.246Z" },
    { url = "https://files.pythonhosted.org/packages/70/60/55bcdc3e9f80bcf39edf0cd272da6fa511a3d94d5a0dd9e0adf76ceebdb4/ruff-0.15.6-py3-none-macosx_10_12_x86_64.whl", hash = "sha256:ee7dcfaad8b282a284df4aa6ddc2741b3f4a18b0555d626805555a820ea181c3", size = 10942257, upload-time = "2026-03-12T23:05:23.076Z" },
    { url = "https://files.pythonhosted.org/packages/e7/f9/005c29bd1726c0f492bfa215e95154cf480574140cb5f867c797c18c790b/ruff-0.15.6-py3-none-macosx_11_0_arm64.whl", hash = "sha256:3bd9967851a25f038fc8b9ae88a7fbd1b609f30349231dffaa37b6804923c4bb", size = 10322683, upload-time = "2026-03-12T23:05:33.738Z" },
    { url = "https://files.pythonhosted.org/packages/5f/74/2f861f5fd7cbb2146bddb5501450300ce41562da36d21868c69b7a828169/ruff-0.15.6-py3-none-manylinux_2_17_aarch64.manylinux2014_aarch64.whl", hash = "sha256:13f4594b04e42cd24a41da653886b04d2ff87adbf57497ed4f728b0e8a4866f8", size = 10660986, upload-time = "2026-03-12T23:05:53.245Z" },
    { url = "https://files.pythonhosted.org/packages/c1/a1/309f2364a424eccb763cdafc49df843c282609f47fe53aa83f38272389e0/ruff-0.15.6-py3-none-manylinux_2_17_armv7l.manylinux2014_armv7l.whl", hash = "sha256:e2ed8aea2f3fe57886d3f00ea5b8aae5bf68d5e195f487f037a955ff9fbaac9e", size = 10332177, upload-time = "2026-03-12T23:05:56.145Z" },
    { url = "https://files.pythonhosted.org/packages/30/41/7ebf1d32658b4bab20f8ac80972fb19cd4e2c6b78552be263a680edc55ac/ruff-0.15.6-py3-none-manylinux_2_17_i686.manylinux2014_i686.whl", hash = "sha256:70789d3e7830b848b548aae96766431c0dc01a6c78c13381f423bf7076c66d15", size = 11170783, upload-time = "2026-03-12T23:06:01.742Z" },
    { url = "https://files.pythonhosted.org/packages/76/be/6d488f6adca047df82cd62c304638bcb00821c36bd4881cfca221561fdfc/ruff-0.15.6-py3-none-manylinux_2_17_ppc64le.manylinux2014_ppc64le.whl", hash = "sha256:542aaf1de3154cea088ced5a819ce872611256ffe2498e750bbae5247a8114e9", size = 12044201, upload-time = "2026-03-12T23:05:28.697Z" },
    { url = "https://files.pythonhosted.org/packages/71/68/e6f125df4af7e6d0b498f8d373274794bc5156b324e8ab4bf5c1b4fc0ec7/ruff-0.15.6-py3-none-manylinux_2_17_s390x.manylinux2014_s390x.whl", hash = "sha256:1c22e6f02c16cfac3888aa636e9eba857254d15bbacc9906c9689fdecb1953ab", size = 11421561, upload-time = "2026-03-12T23:05:31.236Z" },
    { url = "https://files.pythonhosted.org/packages/f1/9f/f85ef5fd01a52e0b472b26dc1b4bd228b8f6f0435975442ffa4741278703/ruff-0.15.6-py3-none-manylinux_2_17_x86_64.manylinux2014_x86_64.whl", hash = "sha256:98893c4c0aadc8e448cfa315bd0cc343a5323d740fe5f28ef8a3f9e21b381f7e", size = 11310928, upload-time = "2026-03-12T23:05:45.288Z" },
    { url = "https://files.pythonhosted.org/packages/8c/26/b75f8c421f5654304b89471ed384ae8c7f42b4dff58fa6ce1626d7f2b59a/ruff-0.15.6-py3-none-manylinux_2_31_riscv64.whl", hash = "sha256:70d263770d234912374493e8cc1e7385c5d49376e41dfa51c5c3453169dc581c", size = 11235186, upload-time = "2026-03-12T23:05:50.677Z" },
    { url = "https://files.pythonhosted.org/packages/fc/d4/d5a6d065962ff7a68a86c9b4f5500f7d101a0792078de636526c0edd40da/ruff-0.15.6-py3-none-musllinux_1_2_aarch64.whl", hash = "sha256:55a1ad63c5a6e54b1f21b7514dfadc0c7fb40093fa22e95143cf3f64ebdcd512", size = 10635231, upload-time = "2026-03-12T23:05:37.044Z" },
    { url = "https://files.pythonhosted.org/packages/d6/56/7c3acf3d50910375349016cf33de24be021532042afbed87942858992491/ruff-0.15.6-py3-none-musllinux_1_2_armv7l.whl", hash = "sha256:8dc473ba093c5ec238bb1e7429ee676dca24643c471e11fbaa8a857925b061c0", size = 10340357, upload-time = "2026-03-12T23:06:04.748Z" },
    { url = "https://files.pythonhosted.org/packages/06/54/6faa39e9c1033ff6a3b6e76b5df536931cd30caf64988e112bbf91ef5ce5/ruff-0.15.6-py3-none-musllinux_1_2_i686.whl", hash = "sha256:85b042377c2a5561131767974617006f99f7e13c63c111b998f29fc1e58a4cfb", size = 10860583, upload-time = "2026-03-12T23:05:58.978Z" },
    { url = "https://files.pythonhosted.org/packages/cb/1e/509a201b843b4dfb0b32acdedf68d951d3377988cae43949ba4c4133a96a/ruff-0.15.6-py3-none-musllinux_1_2_x86_64.whl", hash = "sha256:cef49e30bc5a86a6a92098a7fbf6e467a234d90b63305d6f3ec01225a9d092e0", size = 11410976, upload-time = "2026-03-12T23:05:39.955Z" },
    { url = "https://files.pythonhosted.org/packages/6c/25/3fc9114abf979a41673ce877c08016f8e660ad6cf508c3957f537d2e9fa9/ruff-0.15.6-py3-none-win32.whl", hash = "sha256:bbf67d39832404812a2d23020dda68fee7f18ce15654e96fb1d3ad21a5fe436c", size = 10616872, upload-time = "2026-03-12T23:05:42.451Z" },
    { url = "https://files.pythonhosted.org/packages/89/7a/09ece68445ceac348df06e08bf75db72d0e8427765b96c9c0ffabc1be1d9/ruff-0.15.6-py3-none-win_amd64.whl", hash = "sha256:aee25bc84c2f1007ecb5037dff75cef00414fdf17c23f07dc13e577883dca406", size = 11787271, upload-time = "2026-03-12T23:05:20.168Z" },
    { url = "https://files.pythonhosted.org/packages/7f/d0/578c47dd68152ddddddf31cd7fc67dc30b7cdf639a86275fda821b0d9d98/ruff-0.15.6-py3-none-win_arm64.whl", hash = "sha256:c34de3dd0b0ba203be50ae70f5910b17188556630e2178fd7d79fc030eb0d837", size = 11060497, upload-time = "2026-03-12T23:05:25.968Z" },
]

[[package]]
name = "shellingham"
version = "1.5.4"
source = { registry = "https://pypi.org/simple" }
sdist = { url = "https://files.pythonhosted.org/packages/58/15/8b3609fd3830ef7b27b655beb4b4e9c62313a4e8da8c676e142cc210d58e/shellingham-1.5.4.tar.gz", hash = "sha256:8dbca0739d487e5bd35ab3ca4b36e11c4078f3a234bfce294b0a0291363404de", size = 10310, upload-time = "2023-10-24T04:13:40.426Z" }
wheels = [
    { url = "https://files.pythonhosted.org/packages/e0/f9/0595336914c5619e5f28a1fb793285925a8cd4b432c9da0a987836c7f822/shellingham-1.5.4-py2.py3-none-any.whl", hash = "sha256:7ecfff8f2fd72616f7481040475a65b2bf8af90a56c89140852d1120324e8686", size = 9755, upload-time = "2023-10-24T04:13:38.866Z" },
]

[[package]]
name = "telethon"
version = "1.42.0"
source = { registry = "https://pypi.org/simple" }
dependencies = [
    { name = "pyaes" },
    { name = "rsa" },
]
sdist = { url = "https://files.pythonhosted.org/packages/8c/10/8c8c9476bfce767a856d8aaf9eae8ea1869df4e970da16f1c5b638fd1b0c/telethon-1.42.0.tar.gz", hash = "sha256:032e95511261d5ead719f75494c6c85ece2ce71816b54f3c65d6ccc371d6994d", size = 672734, upload-time = "2025-11-05T19:15:19.849Z" }
wheels = [
    { url = "https://files.pythonhosted.org/packages/e4/e4/8ce0ff55251381966a7c3f88bd5b34abda79b225a8e7fb51ddef3b849c94/telethon-1.42.0-py3-none-any.whl", hash = "sha256:cf361c94586bcacd6d0fc8959a2bce509d1bb37007fe6476a80c4fb4a2decc29", size = 748466, upload-time = "2025-11-05T19:15:18.241Z" },
]

[[package]]
name = "toml"
version = "0.10.2"
source = { registry = "https://pypi.org/simple" }
sdist = { url = "https://files.pythonhosted.org/packages/be/ba/1f744cdc819428fc6b5084ec34d9b30660f6f9daaf70eead706e3203ec3c/toml-0.10.2.tar.gz", hash = "sha256:b3bda1d108d5dd99f4a20d24d9c348e91c4db7ab1b749200bded2f839ccbe68f", size = 22253, upload-time = "2020-11-01T01:40:22.204Z" }
wheels = [
    { url = "https://files.pythonhosted.org/packages/44/6f/7120676b6d73228c96e17f1f794d8ab046fc910d781c8d151120c3f1569e/toml-0.10.2-py2.py3-none-any.whl", hash = "sha256:806143ae5bfb6a3c6e736a764057db0e6a0e05e338b5630894a5f779cabb4f9b", size = 16588, upload-time = "2020-11-01T01:40:20.672Z" },
]

[[package]]
name = "typer"
version = "0.24.1"
source = { registry = "https://pypi.org/simple" }
dependencies = [
    { name = "annotated-doc" },
    { name = "click" },
    { name = "rich" },
    { name = "shellingham" },
]
sdist = { url = "https://files.pythonhosted.org/packages/f5/24/cb09efec5cc954f7f9b930bf8279447d24618bb6758d4f6adf2574c41780/typer-0.24.1.tar.gz", hash = "sha256:e39b4732d65fbdcde189ae76cf7cd48aeae72919dea1fdfc16593be016256b45", size = 118613, upload-time = "2026-02-21T16:54:40.609Z" }
wheels = [
    { url = "https://files.pythonhosted.org/packages/4a/91/48db081e7a63bb37284f9fbcefda7c44c277b18b0e13fbc36ea2335b71e6/typer-0.24.1-py3-none-any.whl", hash = "sha256:112c1f0ce578bfb4cab9ffdabc68f031416ebcc216536611ba21f04e9aa84c9e", size = 56085, upload-time = "2026-02-21T16:54:41.616Z" },
]

[[package]]
name = "types-toml"
version = "0.10.8.20240310"
source = { registry = "https://pypi.org/simple" }
sdist = { url = "https://files.pythonhosted.org/packages/86/47/3e4c75042792bff8e90d7991aa5c51812cc668828cc6cce711e97f63a607/types-toml-0.10.8.20240310.tar.gz", hash = "sha256:3d41501302972436a6b8b239c850b26689657e25281b48ff0ec06345b8830331", size = 4392, upload-time = "2024-03-10T02:18:37.518Z" }
wheels = [
    { url = "https://files.pythonhosted.org/packages/da/a2/d32ab58c0b216912638b140ab2170ee4b8644067c293b170e19fba340ccc/types_toml-0.10.8.20240310-py3-none-any.whl", hash = "sha256:627b47775d25fa29977d9c70dc0cbab3f314f32c8d8d0c012f2ef5de7aaec05d", size = 4777, upload-time = "2024-03-10T02:18:36.568Z" },
]

[[package]]
name = "validators"
version = "0.35.0"
source = { registry = "https://pypi.org/simple" }
sdist = { url = "https://files.pythonhosted.org/packages/53/66/a435d9ae49850b2f071f7ebd8119dd4e84872b01630d6736761e6e7fd847/validators-0.35.0.tar.gz", hash = "sha256:992d6c48a4e77c81f1b4daba10d16c3a9bb0dbb79b3a19ea847ff0928e70497a", size = 73399, upload-time = "2025-05-01T05:42:06.7Z" }
wheels = [
    { url = "https://files.pythonhosted.org/packages/fa/6e/3e955517e22cbdd565f2f8b2e73d52528b14b8bcfdb04f62466b071de847/validators-0.35.0-py3-none-any.whl", hash = "sha256:e8c947097eae7892cb3d26868d637f79f47b4a0554bc6b80065dfe5aac3705dd", size = 44712, upload-time = "2025-05-01T05:42:04.203Z" },
]

[[package]]
name = "yt-dlp"
version = "2026.3.13"
source = { registry = "https://pypi.org/simple" }
sdist = { url = "https://files.pythonhosted.org/packages/34/69/59253e5627f583939e742a592f56dc7d7f30d164473e58f055e1fccdc02b/yt_dlp-2026.3.13.tar.gz", hash = "sha256:fb43659db684a3db6ff2f5c92e0f1641262f6ecc71dbb64fefe84177aaba9e36", size = 3117911, upload-time = "2026-03-13T09:02:22.711Z" }
wheels = [
    { url = "https://files.pythonhosted.org/packages/f0/ef/52ed7ed10d2e1a22badf74b520b617c48b0a725a981620393245ac842bf9/yt_dlp-2026.3.13-py3-none-any.whl", hash = "sha256:e22e7716f94c08e76b29c0172a3fe0c01d8cabab9bce7f528ad440d70a0d213c", size = 3315062, upload-time = "2026-03-13T09:02:20.357Z" },
]
